
Microsoft Visual Studio Solution File, Format Version 12.00
# Visual Studio 15
VisualStudioVersion = 15.0.27130.2020
MinimumVisualStudioVersion = 10.0.40219.1
Project("{FAE04EC0-301F-11D3-BF4B-00C04F79EFBC}") = "GlobalCounter", "GlobalCounter\GlobalCounter.csproj", "{CF4FA3BD-AB6F-4000-BAC4-1CE5E08CCE0E}"
EndProject
Global
	GlobalSection(SolutionConfigurationPlatforms) = preSolution
		Debug|Any CPU = Debug|Any CPU
		Release|Any CPU = Release|Any CPU
	EndGlobalSection
	GlobalSection(ProjectConfigurationPlatforms) = postSolution
		{CF4FA3BD-AB6F-4000-BAC4-1CE5E08CCE0E}.Debug|Any CPU.ActiveCfg = Debug|Any CPU
		{CF4FA3BD-AB6F-4000-BAC4-1CE5E08CCE0E}.Debug|Any CPU.Build.0 = Debug|Any CPU
		{CF4FA3BD-AB6F-4000-BAC4-1CE5E08CCE0E}.Release|Any CPU.ActiveCfg = Release|Any CPU
		{CF4FA3BD-AB6F-4000-BAC4-1CE5E08CCE0E}.Release|Any CPU.Build.0 = Release|Any CPU
	EndGlobalSection
	GlobalSection(SolutionProperties) = preSolution
		HideSolutionNode = FALSE
	EndGlobalSection
	GlobalSection(ExtensibilityGlobals) = postSolution
		SolutionGuid = {F4237630-44C2-4A01-8E60-48123F1A78AA}
	EndGlobalSection
EndGlobal
